
Microsoft Visual Studio Solution File, Format Version 12.00
# Visual Studio Version 17
VisualStudioVersion = 17.5.2.0
MinimumVisualStudioVersion = 10.0.40219.1
Project("{2150E333-8FDC-42A3-9474-1A3956D46DE8}") = "src", "src", "{827E0CD3-B72D-47B6-A68D-7590B98EB39B}"
EndProject
Project("{FAE04EC0-301F-11D3-BF4B-00C04F79EFBC}") = "UserService", "src\UserService\UserService.csproj", "{83F6432B-6D5F-2D49-A8A3-BB8F6E73D199}"
EndProject
Project("{FAE04EC0-301F-11D3-BF4B-00C04F79EFBC}") = "PersistenceService", "src\PersistenceService\PersistenceService.csproj", "{DE368450-A872-48CC-BD40-F798B50EC377}"
EndProject
Project("{FAE04EC0-301F-11D3-BF4B-00C04F79EFBC}") = "TaskService", "src\TaskService\TaskService.csproj", "{8065CA1C-B84E-4A11-9EA2-98F105700FBB}"
EndProject
Project("{FAE04EC0-301F-11D3-BF4B-00C04F79EFBC}") = "GatewayService", "src\GatewayService\GatewayService.csproj", "{9F1E1FB4-CAFF-4BA2-A961-F982B1F00100}"
EndProject
Project("{FAE04EC0-301F-11D3-BF4B-00C04F79EFBC}") = "Frontend", "src\Frontend\Frontend.csproj", "{79155F1A-55C3-451F-A5FE-AB133AD1C309}"
EndProject
Global
	GlobalSection(SolutionConfigurationPlatforms) = preSolution
		Debug|Any CPU = Debug|Any CPU
		Debug|x64 = Debug|x64
		Debug|x86 = Debug|x86
		Release|Any CPU = Release|Any CPU
		Release|x64 = Release|x64
		Release|x86 = Release|x86
	EndGlobalSection
	GlobalSection(ProjectConfigurationPlatforms) = postSolution
		{83F6432B-6D5F-2D49-A8A3-BB8F6E73D199}.Debug|Any CPU.ActiveCfg = Debug|Any CPU
		{83F6432B-6D5F-2D49-A8A3-BB8F6E73D199}.Debug|Any CPU.Build.0 = Debug|Any CPU
		{83F6432B-6D5F-2D49-A8A3-BB8F6E73D199}.Debug|x64.ActiveCfg = Debug|Any CPU
		{83F6432B-6D5F-2D49-A8A3-BB8F6E73D199}.Debug|x64.Build.0 = Debug|Any CPU
		{83F6432B-6D5F-2D49-A8A3-BB8F6E73D199}.Debug|x86.ActiveCfg = Debug|Any CPU
		{83F6432B-6D5F-2D49-A8A3-BB8F6E73D199}.Debug|x86.Build.0 = Debug|Any CPU
		{83F6432B-6D5F-2D49-A8A3-BB8F6E73D199}.Release|Any CPU.ActiveCfg = Release|Any CPU
		{83F6432B-6D5F-2D49-A8A3-BB8F6E73D199}.Release|Any CPU.Build.0 = Release|Any CPU
		{83F6432B-6D5F-2D49-A8A3-BB8F6E73D199}.Release|x64.ActiveCfg = Release|Any CPU
		{83F6432B-6D5F-2D49-A8A3-BB8F6E73D199}.Release|x64.Build.0 = Release|Any CPU
		{83F6432B-6D5F-2D49-A8A3-BB8F6E73D199}.Release|x86.ActiveCfg = Release|Any CPU
		{83F6432B-6D5F-2D49-A8A3-BB8F6E73D199}.Release|x86.Build.0 = Release|Any CPU
		{DE368450-A872-48CC-BD40-F798B50EC377}.Debug|Any CPU.ActiveCfg = Debug|Any CPU
		{DE368450-A872-48CC-BD40-F798B50EC377}.Debug|Any CPU.Build.0 = Debug|Any CPU
		{DE368450-A872-48CC-BD40-F798B50EC377}.Debug|x64.ActiveCfg = Debug|Any CPU
		{DE368450-A872-48CC-BD40-F798B50EC377}.Debug|x64.Build.0 = Debug|Any CPU
		{DE368450-A872-48CC-BD40-F798B50EC377}.Debug|x86.ActiveCfg = Debug|Any CPU
		{DE368450-A872-48CC-BD40-F798B50EC377}.Debug|x86.Build.0 = Debug|Any CPU
		{DE368450-A872-48CC-BD40-F798B50EC377}.Release|Any CPU.ActiveCfg = Release|Any CPU
		{DE368450-A872-48CC-BD40-F798B50EC377}.Release|Any CPU.Build.0 = Release|Any CPU
		{DE368450-A872-48CC-BD40-F798B50EC377}.Release|x64.ActiveCfg = Release|Any CPU
		{DE368450-A872-48CC-BD40-F798B50EC377}.Release|x64.Build.0 = Release|Any CPU
		{DE368450-A872-48CC-BD40-F798B50EC377}.Release|x86.ActiveCfg = Release|Any CPU
		{DE368450-A872-48CC-BD40-F798B50EC377}.Release|x86.Build.0 = Release|Any CPU
		{8065CA1C-B84E-4A11-9EA2-98F105700FBB}.Debug|Any CPU.ActiveCfg = Debug|Any CPU
		{8065CA1C-B84E-4A11-9EA2-98F105700FBB}.Debug|Any CPU.Build.0 = Debug|Any CPU
		{8065CA1C-B84E-4A11-9EA2-98F105700FBB}.Debug|x64.ActiveCfg = Debug|Any CPU
		{8065CA1C-B84E-4A11-9EA2-98F105700FBB}.Debug|x64.Build.0 = Debug|Any CPU
		{8065CA1C-B84E-4A11-9EA2-98F105700FBB}.Debug|x86.ActiveCfg = Debug|Any CPU
		{8065CA1C-B84E-4A11-9EA2-98F105700FBB}.Debug|x86.Build.0 = Debug|Any CPU
		{8065CA1C-B84E-4A11-9EA2-98F105700FBB}.Release|Any CPU.ActiveCfg = Release|Any CPU
		{8065CA1C-B84E-4A11-9EA2-98F105700FBB}.Release|Any CPU.Build.0 = Release|Any CPU
		{8065CA1C-B84E-4A11-9EA2-98F105700FBB}.Release|x64.ActiveCfg = Release|Any CPU
		{8065CA1C-B84E-4A11-9EA2-98F105700FBB}.Release|x64.Build.0 = Release|Any CPU
		{8065CA1C-B84E-4A11-9EA2-98F105700FBB}.Release|x86.ActiveCfg = Release|Any CPU
		{8065CA1C-B84E-4A11-9EA2-98F105700FBB}.Release|x86.Build.0 = Release|Any CPU
		{9F1E1FB4-CAFF-4BA2-A961-F982B1F00100}.Debug|Any CPU.ActiveCfg = Debug|Any CPU
		{9F1E1FB4-CAFF-4BA2-A961-F982B1F00100}.Debug|Any CPU.Build.0 = Debug|Any CPU
		{9F1E1FB4-CAFF-4BA2-A961-F982B1F00100}.Debug|x64.ActiveCfg = Debug|Any CPU
		{9F1E1FB4-CAFF-4BA2-A961-F982B1F00100}.Debug|x64.Build.0 = Debug|Any CPU
		{9F1E1FB4-CAFF-4BA2-A961-F982B1F00100}.Debug|x86.ActiveCfg = Debug|Any CPU
		{9F1E1FB4-CAFF-4BA2-A961-F982B1F00100}.Debug|x86.Build.0 = Debug|Any CPU
		{9F1E1FB4-CAFF-4BA2-A961-F982B1F00100}.Release|Any CPU.ActiveCfg = Release|Any CPU
		{9F1E1FB4-CAFF-4BA2-A961-F982B1F00100}.Release|Any CPU.Build.0 = Release|Any CPU
		{9F1E1FB4-CAFF-4BA2-A961-F982B1F00100}.Release|x64.ActiveCfg = Release|Any CPU
		{9F1E1FB4-CAFF-4BA2-A961-F982B1F00100}.Release|x64.Build.0 = Release|Any CPU
		{9F1E1FB4-CAFF-4BA2-A961-F982B1F00100}.Release|x86.ActiveCfg = Release|Any CPU
		{9F1E1FB4-CAFF-4BA2-A961-F982B1F00100}.Release|x86.Build.0 = Release|Any CPU
		{79155F1A-55C3-451F-A5FE-AB133AD1C309}.Debug|Any CPU.ActiveCfg = Debug|Any CPU
		{79155F1A-55C3-451F-A5FE-AB133AD1C309}.Debug|Any CPU.Build.0 = Debug|Any CPU
		{79155F1A-55C3-451F-A5FE-AB133AD1C309}.Debug|x64.ActiveCfg = Debug|Any CPU
		{79155F1A-55C3-451F-A5FE-AB133AD1C309}.Debug|x64.Build.0 = Debug|Any CPU
		{79155F1A-55C3-451F-A5FE-AB133AD1C309}.Debug|x86.ActiveCfg = Debug|Any CPU
		{79155F1A-55C3-451F-A5FE-AB133AD1C309}.Debug|x86.Build.0 = Debug|Any CPU
		{79155F1A-55C3-451F-A5FE-AB133AD1C309}.Release|Any CPU.ActiveCfg = Release|Any CPU
		{79155F1A-55C3-451F-A5FE-AB133AD1C309}.Release|Any CPU.Build.0 = Release|Any CPU
		{79155F1A-55C3-451F-A5FE-AB133AD1C309}.Release|x64.ActiveCfg = Release|Any CPU
		{79155F1A-55C3-451F-A5FE-AB133AD1C309}.Release|x64.Build.0 = Release|Any CPU
		{79155F1A-55C3-451F-A5FE-AB133AD1C309}.Release|x86.ActiveCfg = Release|Any CPU
		{79155F1A-55C3-451F-A5FE-AB133AD1C309}.Release|x86.Build.0 = Release|Any CPU
	EndGlobalSection
	GlobalSection(SolutionProperties) = preSolution
		HideSolutionNode = FALSE
	EndGlobalSection
	GlobalSection(NestedProjects) = preSolution
		{83F6432B-6D5F-2D49-A8A3-BB8F6E73D199} = {827E0CD3-B72D-47B6-A68D-7590B98EB39B}
		{DE368450-A872-48CC-BD40-F798B50EC377} = {827E0CD3-B72D-47B6-A68D-7590B98EB39B}
		{8065CA1C-B84E-4A11-9EA2-98F105700FBB} = {827E0CD3-B72D-47B6-A68D-7590B98EB39B}
		{9F1E1FB4-CAFF-4BA2-A961-F982B1F00100} = {827E0CD3-B72D-47B6-A68D-7590B98EB39B}
		{79155F1A-55C3-451F-A5FE-AB133AD1C309} = {827E0CD3-B72D-47B6-A68D-7590B98EB39B}
	EndGlobalSection
	GlobalSection(ExtensibilityGlobals) = postSolution
		SolutionGuid = {F29B736F-E9A9-4BAF-B037-D3F2366DC954}
	EndGlobalSection
EndGlobal
